
Microsoft Visual Studio Solution File, Format Version 12.00
# Visual Studio Version 17
VisualStudioVersion = 17.5.002.0
MinimumVisualStudioVersion = 10.0.40219.1
Project("{9A19103F-16F7-4668-BE54-9A1E7A4F7556}") = "DndSpellsParser", "DndSpellsParser\DndSpellsParser.csproj", "{E32BD149-A0B7-421A-8C77-A2F661EA069D}"
EndProject
Project("{9A19103F-16F7-4668-BE54-9A1E7A4F7556}") = "DnDSu", "DnDSu\DnDSu.csproj", "{A2C694B7-713A-4E1F-87C7-15FFD6C98B5A}"
EndProject
Project("{9A19103F-16F7-4668-BE54-9A1E7A4F7556}") = "Shared", "Shared\Shared.csproj", "{23EAE327-B9B9-4669-B4F0-7E11F2BB0615}"
EndProject
Global
	GlobalSection(SolutionConfigurationPlatforms) = preSolution
		Debug|Any CPU = Debug|Any CPU
		Release|Any CPU = Release|Any CPU
	EndGlobalSection
	GlobalSection(ProjectConfigurationPlatforms) = postSolution
		{E32BD149-A0B7-421A-8C77-A2F661EA069D}.Debug|Any CPU.ActiveCfg = Debug|Any CPU
		{E32BD149-A0B7-421A-8C77-A2F661EA069D}.Debug|Any CPU.Build.0 = Debug|Any CPU
		{E32BD149-A0B7-421A-8C77-A2F661EA069D}.Release|Any CPU.ActiveCfg = Release|Any CPU
		{E32BD149-A0B7-421A-8C77-A2F661EA069D}.Release|Any CPU.Build.0 = Release|Any CPU
		{A2C694B7-713A-4E1F-87C7-15FFD6C98B5A}.Debug|Any CPU.ActiveCfg = Debug|Any CPU
		{A2C694B7-713A-4E1F-87C7-15FFD6C98B5A}.Debug|Any CPU.Build.0 = Debug|Any CPU
		{A2C694B7-713A-4E1F-87C7-15FFD6C98B5A}.Release|Any CPU.ActiveCfg = Release|Any CPU
		{A2C694B7-713A-4E1F-87C7-15FFD6C98B5A}.Release|Any CPU.Build.0 = Release|Any CPU
		{23EAE327-B9B9-4669-B4F0-7E11F2BB0615}.Debug|Any CPU.ActiveCfg = Debug|Any CPU
		{23EAE327-B9B9-4669-B4F0-7E11F2BB0615}.Debug|Any CPU.Build.0 = Debug|Any CPU
		{23EAE327-B9B9-4669-B4F0-7E11F2BB0615}.Release|Any CPU.ActiveCfg = Release|Any CPU
		{23EAE327-B9B9-4669-B4F0-7E11F2BB0615}.Release|Any CPU.Build.0 = Release|Any CPU
	EndGlobalSection
	GlobalSection(SolutionProperties) = preSolution
		HideSolutionNode = FALSE
	EndGlobalSection
	GlobalSection(ExtensibilityGlobals) = postSolution
		SolutionGuid = {1F41A8C6-1687-45BB-95D9-711E786D8D8F}
	EndGlobalSection
EndGlobal
